// !$*UTF8*$!
{
	archiveVersion = 1;
	classes = {
	};
	objectVersion = 46;
	objects = {

/* Begin PBXBuildFile section */
		B0C8C76318E5320900AE9013 /* Foundation.framework in Frameworks */ = {isa = PBXBuildFile; fileRef = B0C8C76218E5320900AE9013 /* Foundation.framework */; };
		B0C8C76518E5320900AE9013 /* CoreGraphics.framework in Frameworks */ = {isa = PBXBuildFile; fileRef = B0C8C76418E5320900AE9013 /* CoreGraphics.framework */; };
		B0C8C76718E5320900AE9013 /* UIKit.framework in Frameworks */ = {isa = PBXBuildFile; fileRef = B0C8C76618E5320900AE9013 /* UIKit.framework */; };
		B0C8C76D18E5320900AE9013 /* InfoPlist.strings in Resources */ = {isa = PBXBuildFile; fileRef = B0C8C76B18E5320900AE9013 /* InfoPlist.strings */; };
		B0C8C76F18E5320900AE9013 /* main.m in Sources */ = {isa = PBXBuildFile; fileRef = B0C8C76E18E5320900AE9013 /* main.m */; };
		B0C8C77318E5320900AE9013 /* VDQAppDelegate.m in Sources */ = {isa = PBXBuildFile; fileRef = B0C8C77218E5320900AE9013 /* VDQAppDelegate.m */; };
		B0C8C77618E5320900AE9013 /* Main_iPhone.storyboard in Resources */ = {isa = PBXBuildFile; fileRef = B0C8C77418E5320900AE9013 /* Main_iPhone.storyboard */; };
		B0C8C77918E5320900AE9013 /* Main_iPad.storyboard in Resources */ = {isa = PBXBuildFile; fileRef = B0C8C77718E5320900AE9013 /* Main_iPad.storyboard */; };
		B0C8C77C18E5320900AE9013 /* VDQViewController.m in Sources */ = {isa = PBXBuildFile; fileRef = B0C8C77B18E5320900AE9013 /* VDQViewController.m */; };
		B0C8C77E18E5320900AE9013 /* Images.xcassets in Resources */ = {isa = PBXBuildFile; fileRef = B0C8C77D18E5320900AE9013 /* Images.xcassets */; };
		B0C8C78518E5320A00AE9013 /* XCTest.framework in Frameworks */ = {isa = PBXBuildFile; fileRef = B0C8C78418E5320A00AE9013 /* XCTest.framework */; };
		B0C8C78618E5320A00AE9013 /* Foundation.framework in Frameworks */ = {isa = PBXBuildFile; fileRef = B0C8C76218E5320900AE9013 /* Foundation.framework */; };
		B0C8C78718E5320A00AE9013 /* UIKit.framework in Frameworks */ = {isa = PBXBuildFile; fileRef = B0C8C76618E5320900AE9013 /* UIKit.framework */; };
		B0C8C78F18E5320A00AE9013 /* InfoPlist.strings in Resources */ = {isa = PBXBuildFile; fileRef = B0C8C78D18E5320A00AE9013 /* InfoPlist.strings */; };
		B0C8C79118E5320A00AE9013 /* VdQParkTests.m in Sources */ = {isa = PBXBuildFile; fileRef = B0C8C79018E5320A00AE9013 /* VdQParkTests.m */; };
/* End PBXBuildFile section */

/* Begin PBXContainerItemProxy section */
		B0C8C78818E5320A00AE9013 /* PBXContainerItemProxy */ = {
			isa = PBXContainerItemProxy;
			containerPortal = B0C8C75718E5320900AE9013 /* Project object */;
			proxyType = 1;
			remoteGlobalIDString = B0C8C75E18E5320900AE9013;
			remoteInfo = VdQPark;
		};
/* End PBXContainerItemProxy section */

/* Begin PBXFileReference section */
		B0C8C75F18E5320900AE9013 /* VdQPark.app */ = {isa = PBXFileReference; explicitFileType = wrapper.application; includeInIndex = 0; path = VdQPark.app; sourceTree = BUILT_PRODUCTS_DIR; };
		B0C8C76218E5320900AE9013 /* Foundation.framework */ = {isa = PBXFileReference; lastKnownFileType = wrapper.framework; name = Foundation.framework; path = System/Library/Frameworks/Foundation.framework; sourceTree = SDKROOT; };
		B0C8C76418E5320900AE9013 /* CoreGraphics.framework */ = {isa = PBXFileReference; lastKnownFileType = wrapper.framework; name = CoreGraphics.framework; path = System/Library/Frameworks/CoreGraphics.framework; sourceTree = SDKROOT; };
		B0C8C76618E5320900AE9013 /* UIKit.framework */ = {isa = PBXFileReference; lastKnownFileType = wrapper.framework; name = UIKit.framework; path = System/Library/Frameworks/UIKit.framework; sourceTree = SDKROOT; };
		B0C8C76A18E5320900AE9013 /* VdQPark-Info.plist */ = {isa = PBXFileReference; lastKnownFileType = text.plist.xml; path = "VdQPark-Info.plist"; sourceTree = "<group>"; };
		B0C8C76C18E5320900AE9013 /* en */ = {isa = PBXFileReference; lastKnownFileType = text.plist.strings; name = en; path = en.lproj/InfoPlist.strings; sourceTree = "<group>"; };
		B0C8C76E18E5320900AE9013 /* main.m */ = {isa = PBXFileReference; lastKnownFileType = sourcecode.c.objc; path = main.m; sourceTree = "<group>"; };
		B0C8C77018E5320900AE9013 /* VdQPark-Prefix.pch */ = {isa = PBXFileReference; lastKnownFileType = sourcecode.c.h; path = "VdQPark-Prefix.pch"; sourceTree = "<group>"; };
		B0C8C77118E5320900AE9013 /* VDQAppDelegate.h */ = {isa = PBXFileReference; lastKnownFileType = sourcecode.c.h; path = VDQAppDelegate.h; sourceTree = "<group>"; };
		B0C8C77218E5320900AE9013 /* VDQAppDelegate.m */ = {isa = PBXFileReference; lastKnownFileType = sourcecode.c.objc; path = VDQAppDelegate.m; sourceTree = "<group>"; };
		B0C8C77518E5320900AE9013 /* Base */ = {isa = PBXFileReference; lastKnownFileType = file.storyboard; name = Base; path = Base.lproj/Main_iPhone.storyboard; sourceTree = "<group>"; };
		B0C8C77818E5320900AE9013 /* Base */ = {isa = PBXFileReference; lastKnownFileType = file.storyboard; name = Base; path = Base.lproj/Main_iPad.storyboard; sourceTree = "<group>"; };
		B0C8C77A18E5320900AE9013 /* VDQViewController.h */ = {isa = PBXFileReference; lastKnownFileType = sourcecode.c.h; path = VDQViewController.h; sourceTree = "<group>"; };
		B0C8C77B18E5320900AE9013 /* VDQViewController.m */ = {isa = PBXFileReference; lastKnownFileType = sourcecode.c.objc; path = VDQViewController.m; sourceTree = "<group>"; };
		B0C8C77D18E5320900AE9013 /* Images.xcassets */ = {isa = PBXFileReference; lastKnownFileType = folder.assetcatalog; path = Images.xcassets; sourceTree = "<group>"; };
		B0C8C78318E5320A00AE9013 /* VdQParkTests.xctest */ = {isa = PBXFileReference; explicitFileType = wrapper.cfbundle; includeInIndex = 0; path = VdQParkTests.xctest; sourceTree = BUILT_PRODUCTS_DIR; };
		B0C8C78418E5320A00AE9013 /* XCTest.framework */ = {isa = PBXFileReference; lastKnownFileType = wrapper.framework; name = XCTest.framework; path = Library/Frameworks/XCTest.framework; sourceTree = DEVELOPER_DIR; };
		B0C8C78C18E5320A00AE9013 /* VdQParkTests-Info.plist */ = {isa = PBXFileReference; lastKnownFileType = text.plist.xml; path = "VdQParkTests-Info.plist"; sourceTree = "<group>"; };
		B0C8C78E18E5320A00AE9013 /* en */ = {isa = PBXFileReference; lastKnownFileType = text.plist.strings; name = en; path = en.lproj/InfoPlist.strings; sourceTree = "<group>"; };
		B0C8C79018E5320A00AE9013 /* VdQParkTests.m */ = {isa = PBXFileReference; lastKnownFileType = sourcecode.c.objc; path = VdQParkTests.m; sourceTree = "<group>"; };
/* End PBXFileReference section */

/* Begin PBXFrameworksBuildPhase section */
		B0C8C75C18E5320900AE9013 /* Frameworks */ = {
			isa = PBXFrameworksBuildPhase;
			buildActionMask = 2147483647;
			files = (
				B0C8C76518E5320900AE9013 /* CoreGraphics.framework in Frameworks */,
				B0C8C76718E5320900AE9013 /* UIKit.framework in Frameworks */,
				B0C8C76318E5320900AE9013 /* Foundation.framework in Frameworks */,
			);
			runOnlyForDeploymentPostprocessing = 0;
		};
		B0C8C78018E5320A00AE9013 /* Frameworks */ = {
			isa = PBXFrameworksBuildPhase;
			buildActionMask = 2147483647;
			files = (
				B0C8C78518E5320A00AE9013 /* XCTest.framework in Frameworks */,
				B0C8C78718E5320A00AE9013 /* UIKit.framework in Frameworks */,
				B0C8C78618E5320A00AE9013 /* Foundation.framework in Frameworks */,
			);
			runOnlyForDeploymentPostprocessing = 0;
		};
/* End PBXFrameworksBuildPhase section */

/* Begin PBXGroup section */
		B0C8C75618E5320900AE9013 = {
			isa = PBXGroup;
			children = (
				B0C8C76818E5320900AE9013 /* VdQPark */,
				B0C8C78A18E5320A00AE9013 /* VdQParkTests */,
				B0C8C76118E5320900AE9013 /* Frameworks */,
				B0C8C76018E5320900AE9013 /* Products */,
			);
			sourceTree = "<group>";
		};
		B0C8C76018E5320900AE9013 /* Products */ = {
			isa = PBXGroup;
			children = (
				B0C8C75F18E5320900AE9013 /* VdQPark.app */,
				B0C8C78318E5320A00AE9013 /* VdQParkTests.xctest */,
			);
			name = Products;
			sourceTree = "<group>";
		};
		B0C8C76118E5320900AE9013 /* Frameworks */ = {
			isa = PBXGroup;
			children = (
				B0C8C76218E5320900AE9013 /* Foundation.framework */,
				B0C8C76418E5320900AE9013 /* CoreGraphics.framework */,
				B0C8C76618E5320900AE9013 /* UIKit.framework */,
				B0C8C78418E5320A00AE9013 /* XCTest.framework */,
			);
			name = Frameworks;
			sourceTree = "<group>";
		};
		B0C8C76818E5320900AE9013 /* VdQPark */ = {
			isa = PBXGroup;
			children = (
				B0C8C77118E5320900AE9013 /* VDQAppDelegate.h */,
				B0C8C77218E5320900AE9013 /* VDQAppDelegate.m */,
				B0C8C77418E5320900AE9013 /* Main_iPhone.storyboard */,
				B0C8C77718E5320900AE9013 /* Main_iPad.storyboard */,
				B0C8C77A18E5320900AE9013 /* VDQViewController.h */,
				B0C8C77B18E5320900AE9013 /* VDQViewController.m */,
				B0C8C77D18E5320900AE9013 /* Images.xcassets */,
				B0C8C76918E5320900AE9013 /* Supporting Files */,
			);
			path = VdQPark;
			sourceTree = "<group>";
		};
		B0C8C76918E5320900AE9013 /* Supporting Files */ = {
			isa = PBXGroup;
			children = (
				B0C8C76A18E5320900AE9013 /* VdQPark-Info.plist */,
				B0C8C76B18E5320900AE9013 /* InfoPlist.strings */,
				B0C8C76E18E5320900AE9013 /* main.m */,
				B0C8C77018E5320900AE9013 /* VdQPark-Prefix.pch */,
			);
			name = "Supporting Files";
			sourceTree = "<group>";
		};
		B0C8C78A18E5320A00AE9013 /* VdQParkTests */ = {
			isa = PBXGroup;
			children = (
				B0C8C79018E5320A00AE9013 /* VdQParkTests.m */,
				B0C8C78B18E5320A00AE9013 /* Supporting Files */,
			);
			path = VdQParkTests;
			sourceTree = "<group>";
		};
		B0C8C78B18E5320A00AE9013 /* Supporting Files */ = {
			isa = PBXGroup;
			children = (
				B0C8C78C18E5320A00AE9013 /* VdQParkTests-Info.plist */,
				B0C8C78D18E5320A00AE9013 /* InfoPlist.strings */,
			);
			name = "Supporting Files";
			sourceTree = "<group>";
		};
/* End PBXGroup section */

/* Begin PBXNativeTarget section */
		B0C8C75E18E5320900AE9013 /* VdQPark */ = {
			isa = PBXNativeTarget;
			buildConfigurationList = B0C8C79418E5320A00AE9013 /* Build configuration list for PBXNativeTarget "VdQPark" */;
			buildPhases = (
				B0C8C75B18E5320900AE9013 /* Sources */,
				B0C8C75C18E5320900AE9013 /* Frameworks */,
				B0C8C75D18E5320900AE9013 /* Resources */,
			);
			buildRules = (
			);
			dependencies = (
			);
			name = VdQPark;
			productName = VdQPark;
			productReference = B0C8C75F18E5320900AE9013 /* VdQPark.app */;
			productType = "com.apple.product-type.application";
		};
		B0C8C78218E5320A00AE9013 /* VdQParkTests */ = {
			isa = PBXNativeTarget;
			buildConfigurationList = B0C8C79718E5320A00AE9013 /* Build configuration list for PBXNativeTarget "VdQParkTests" */;
			buildPhases = (
				B0C8C77F18E5320A00AE9013 /* Sources */,
				B0C8C78018E5320A00AE9013 /* Frameworks */,
				B0C8C78118E5320A00AE9013 /* Resources */,
			);
			buildRules = (
			);
			dependencies = (
				B0C8C78918E5320A00AE9013 /* PBXTargetDependency */,
			);
			name = VdQParkTests;
			productName = VdQParkTests;
			productReference = B0C8C78318E5320A00AE9013 /* VdQParkTests.xctest */;
			productType = "com.apple.product-type.bundle.unit-test";
		};
/* End PBXNativeTarget section */

/* Begin PBXProject section */
		B0C8C75718E5320900AE9013 /* Project object */ = {
			isa = PBXProject;
			attributes = {
				CLASSPREFIX = VDQ;
				LastUpgradeCheck = 0510;
				ORGANIZATIONNAME = Transit;
				TargetAttributes = {
					B0C8C78218E5320A00AE9013 = {
						TestTargetID = B0C8C75E18E5320900AE9013;
					};
				};
			};
			buildConfigurationList = B0C8C75A18E5320900AE9013 /* Build configuration list for PBXProject "VdQPark" */;
			compatibilityVersion = "Xcode 3.2";
			developmentRegion = English;
			hasScannedForEncodings = 0;
			knownRegions = (
				en,
				Base,
			);
			mainGroup = B0C8C75618E5320900AE9013;
			productRefGroup = B0C8C76018E5320900AE9013 /* Products */;
			projectDirPath = "";
			projectRoot = "";
			targets = (
				B0C8C75E18E5320900AE9013 /* VdQPark */,
				B0C8C78218E5320A00AE9013 /* VdQParkTests */,
			);
		};
/* End PBXProject section */

/* Begin PBXResourcesBuildPhase section */
		B0C8C75D18E5320900AE9013 /* Resources */ = {
			isa = PBXResourcesBuildPhase;
			buildActionMask = 2147483647;
			files = (
				B0C8C77918E5320900AE9013 /* Main_iPad.storyboard in Resources */,
				B0C8C77E18E5320900AE9013 /* Images.xcassets in Resources */,
				B0C8C77618E5320900AE9013 /* Main_iPhone.storyboard in Resources */,
				B0C8C76D18E5320900AE9013 /* InfoPlist.strings in Resources */,
			);
			runOnlyForDeploymentPostprocessing = 0;
		};
		B0C8C78118E5320A00AE9013 /* Resources */ = {
			isa = PBXResourcesBuildPhase;
			buildActionMask = 2147483647;
			files = (
				B0C8C78F18E5320A00AE9013 /* InfoPlist.strings in Resources */,
			);
			runOnlyForDeploymentPostprocessing = 0;
		};
/* End PBXResourcesBuildPhase section */

/* Begin PBXSourcesBuildPhase section */
		B0C8C75B18E5320900AE9013 /* Sources */ = {
			isa = PBXSourcesBuildPhase;
			buildActionMask = 2147483647;
			files = (
				B0C8C77318E5320900AE9013 /* VDQAppDelegate.m in Sources */,
				B0C8C77C18E5320900AE9013 /* VDQViewController.m in Sources */,
				B0C8C76F18E5320900AE9013 /* main.m in Sources */,
			);
			runOnlyForDeploymentPostprocessing = 0;
		};
		B0C8C77F18E5320A00AE9013 /* Sources */ = {
			isa = PBXSourcesBuildPhase;
			buildActionMask = 2147483647;
			files = (
				B0C8C79118E5320A00AE9013 /* VdQParkTests.m in Sources */,
			);
			runOnlyForDeploymentPostprocessing = 0;
		};
/* End PBXSourcesBuildPhase section */

/* Begin PBXTargetDependency section */
		B0C8C78918E5320A00AE9013 /* PBXTargetDependency */ = {
			isa = PBXTargetDependency;
			target = B0C8C75E18E5320900AE9013 /* VdQPark */;
			targetProxy = B0C8C78818E5320A00AE9013 /* PBXContainerItemProxy */;
		};
/* End PBXTargetDependency section */

/* Begin PBXVariantGroup section */
		B0C8C76B18E5320900AE9013 /* InfoPlist.strings */ = {
			isa = PBXVariantGroup;
			children = (
				B0C8C76C18E5320900AE9013 /* en */,
			);
			name = InfoPlist.strings;
			sourceTree = "<group>";
		};
		B0C8C77418E5320900AE9013 /* Main_iPhone.storyboard */ = {
			isa = PBXVariantGroup;
			children = (
				B0C8C77518E5320900AE9013 /* Base */,
			);
			name = Main_iPhone.storyboard;
			sourceTree = "<group>";
		};
		B0C8C77718E5320900AE9013 /* Main_iPad.storyboard */ = {
			isa = PBXVariantGroup;
			children = (
				B0C8C77818E5320900AE9013 /* Base */,
			);
			name = Main_iPad.storyboard;
			sourceTree = "<group>";
		};
		B0C8C78D18E5320A00AE9013 /* InfoPlist.strings */ = {
			isa = PBXVariantGroup;
			children = (
				B0C8C78E18E5320A00AE9013 /* en */,
			);
			name = InfoPlist.strings;
			sourceTree = "<group>";
		};
/* End PBXVariantGroup section */

/* Begin XCBuildConfiguration section */
		B0C8C79218E5320A00AE9013 /* Debug */ = {
			isa = XCBuildConfiguration;
			buildSettings = {
				ALWAYS_SEARCH_USER_PATHS = NO;
				CLANG_CXX_LANGUAGE_STANDARD = "gnu++0x";
				CLANG_CXX_LIBRARY = "libc++";
				CLANG_ENABLE_MODULES = YES;
				CLANG_ENABLE_OBJC_ARC = YES;
				CLANG_WARN_BOOL_CONVERSION = YES;
				CLANG_WARN_CONSTANT_CONVERSION = YES;
				CLANG_WARN_DIRECT_OBJC_ISA_USAGE = YES_ERROR;
				CLANG_WARN_EMPTY_BODY = YES;
				CLANG_WARN_ENUM_CONVERSION = YES;
				CLANG_WARN_INT_CONVERSION = YES;
				CLANG_WARN_OBJC_ROOT_CLASS = YES_ERROR;
				CLANG_WARN__DUPLICATE_METHOD_MATCH = YES;
				"CODE_SIGN_IDENTITY[sdk=iphoneos*]" = "iPhone Developer";
				COPY_PHASE_STRIP = NO;
				GCC_C_LANGUAGE_STANDARD = gnu99;
				GCC_DYNAMIC_NO_PIC = NO;
				GCC_OPTIMIZATION_LEVEL = 0;
				GCC_PREPROCESSOR_DEFINITIONS = (
					"DEBUG=1",
					"$(inherited)",
				);
				GCC_SYMBOLS_PRIVATE_EXTERN = NO;
				GCC_WARN_64_TO_32_BIT_CONVERSION = YES;
				GCC_WARN_ABOUT_RETURN_TYPE = YES_ERROR;
				GCC_WARN_UNDECLARED_SELECTOR = YES;
				GCC_WARN_UNINITIALIZED_AUTOS = YES_AGGRESSIVE;
				GCC_WARN_UNUSED_FUNCTION = YES;
				GCC_WARN_UNUSED_VARIABLE = YES;
				IPHONEOS_DEPLOYMENT_TARGET = 7.1;
				ONLY_ACTIVE_ARCH = YES;
				SDKROOT = iphoneos;
				TARGETED_DEVICE_FAMILY = "1,2";
			};
			name = Debug;
		};
		B0C8C79318E5320A00AE9013 /* Release */ = {
			isa = XCBuildConfiguration;
			buildSettings = {
				ALWAYS_SEARCH_USER_PATHS = NO;
				CLANG_CXX_LANGUAGE_STANDARD = "gnu++0x";
				CLANG_CXX_LIBRARY = "libc++";
				CLANG_ENABLE_MODULES = YES;
				CLANG_ENABLE_OBJC_ARC = YES;
				CLANG_WARN_BOOL_CONVERSION = YES;
				CLANG_WARN_CONSTANT_CONVERSION = YES;
				CLANG_WARN_DIRECT_OBJC_ISA_USAGE = YES_ERROR;
				CLANG_WARN_EMPTY_BODY = YES;
				CLANG_WARN_ENUM_CONVERSION = YES;
				CLANG_WARN_INT_CONVERSION = YES;
				CLANG_WARN_OBJC_ROOT_CLASS = YES_ERROR;
				CLANG_WARN__DUPLICATE_METHOD_MATCH = YES;
				"CODE_SIGN_IDENTITY[sdk=iphoneos*]" = "iPhone Developer";
				COPY_PHASE_STRIP = YES;
				ENABLE_NS_ASSERTIONS = NO;
				GCC_C_LANGUAGE_STANDARD = gnu99;
				GCC_WARN_64_TO_32_BIT_CONVERSION = YES;
				GCC_WARN_ABOUT_RETURN_TYPE = YES_ERROR;
				GCC_WARN_UNDECLARED_SELECTOR = YES;
				GCC_WARN_UNINITIALIZED_AUTOS = YES_AGGRESSIVE;
				GCC_WARN_UNUSED_FUNCTION = YES;
				GCC_WARN_UNUSED_VARIABLE = YES;
				IPHONEOS_DEPLOYMENT_TARGET = 7.1;
				SDKROOT = iphoneos;
				TARGETED_DEVICE_FAMILY = "1,2";
				VALIDATE_PRODUCT = YES;
			};
			name = Release;
		};
		B0C8C79518E5320A00AE9013 /* Debug */ = {
			isa = XCBuildConfiguration;
			buildSettings = {
				ASSETCATALOG_COMPILER_APPICON_NAME = AppIcon;
				ASSETCATALOG_COMPILER_LAUNCHIMAGE_NAME = LaunchImage;
				GCC_PRECOMPILE_PREFIX_HEADER = YES;
				GCC_PREFIX_HEADER = "VdQPark/VdQPark-Prefix.pch";
				INFOPLIST_FILE = "VdQPark/VdQPark-Info.plist";
				IPHONEOS_DEPLOYMENT_TARGET = 6.0;
				PRODUCT_NAME = "$(TARGET_NAME)";
				WRAPPER_EXTENSION = app;
			};
			name = Debug;
		};
		B0C8C79618E5320A00AE9013 /* Release */ = {
			isa = XCBuildConfiguration;
			buildSettings = {
				ASSETCATALOG_COMPILER_APPICON_NAME = AppIcon;
				ASSETCATALOG_COMPILER_LAUNCHIMAGE_NAME = LaunchImage;
				GCC_PRECOMPILE_PREFIX_HEADER = YES;
				GCC_PREFIX_HEADER = "VdQPark/VdQPark-Prefix.pch";
				INFOPLIST_FILE = "VdQPark/VdQPark-Info.plist";
				IPHONEOS_DEPLOYMENT_TARGET = 6.0;
				PRODUCT_NAME = "$(TARGET_NAME)";
				WRAPPER_EXTENSION = app;
			};
			name = Release;
		};
		B0C8C79818E5320A00AE9013 /* Debug */ = {
			isa = XCBuildConfiguration;
			buildSettings = {
				BUNDLE_LOADER = "$(BUILT_PRODUCTS_DIR)/VdQPark.app/VdQPark";
				FRAMEWORK_SEARCH_PATHS = (
					"$(SDKROOT)/Developer/Library/Frameworks",
					"$(inherited)",
					"$(DEVELOPER_FRAMEWORKS_DIR)",
				);
				GCC_PRECOMPILE_PREFIX_HEADER = YES;
				GCC_PREFIX_HEADER = "VdQPark/VdQPark-Prefix.pch";
				GCC_PREPROCESSOR_DEFINITIONS = (
					"DEBUG=1",
					"$(inherited)",
				);
				INFOPLIST_FILE = "VdQParkTests/VdQParkTests-Info.plist";
				PRODUCT_NAME = "$(TARGET_NAME)";
				TEST_HOST = "$(BUNDLE_LOADER)";
				WRAPPER_EXTENSION = xctest;
			};
			name = Debug;
		};
		B0C8C79918E5320A00AE9013 /* Release */ = {
			isa = XCBuildConfiguration;
			buildSettings = {
				BUNDLE_LOADER = "$(BUILT_PRODUCTS_DIR)/VdQPark.app/VdQPark";
				FRAMEWORK_SEARCH_PATHS = (
					"$(SDKROOT)/Developer/Library/Frameworks",
					"$(inherited)",
					"$(DEVELOPER_FRAMEWORKS_DIR)",
				);
				GCC_PRECOMPILE_PREFIX_HEADER = YES;
				GCC_PREFIX_HEADER = "VdQPark/VdQPark-Prefix.pch";
				INFOPLIST_FILE = "VdQParkTests/VdQParkTests-Info.plist";
				PRODUCT_NAME = "$(TARGET_NAME)";
				TEST_HOST = "$(BUNDLE_LOADER)";
				WRAPPER_EXTENSION = xctest;
			};
			name = Release;
		};
/* End XCBuildConfiguration section */

/* Begin XCConfigurationList section */
		B0C8C75A18E5320900AE9013 /* Build configuration list for PBXProject "VdQPark" */ = {
			isa = XCConfigurationList;
			buildConfigurations = (
				B0C8C79218E5320A00AE9013 /* Debug */,
				B0C8C79318E5320A00AE9013 /* Release */,
			);
			defaultConfigurationIsVisible = 0;
			defaultConfigurationName = Release;
		};
		B0C8C79418E5320A00AE9013 /* Build configuration list for PBXNativeTarget "VdQPark" */ = {
			isa = XCConfigurationList;
			buildConfigurations = (
				B0C8C79518E5320A00AE9013 /* Debug */,
				B0C8C79618E5320A00AE9013 /* Release */,
			);
			defaultConfigurationIsVisible = 0;
		};
		B0C8C79718E5320A00AE9013 /* Build configuration list for PBXNativeTarget "VdQParkTests" */ = {
			isa = XCConfigurationList;
			buildConfigurations = (
				B0C8C79818E5320A00AE9013 /* Debug */,
				B0C8C79918E5320A00AE9013 /* Release */,
			);
			defaultConfigurationIsVisible = 0;
		};
/* End XCConfigurationList section */
	};
	rootObject = B0C8C75718E5320900AE9013 /* Project object */;
}
